{
  "name": "language-capnproto",
  "version": "0.4.2",
  "lockfileVersion": 1,
  "requires": true,
  "dependencies": {
    "big-integer": {
      "version": "1.6.43",
      "resolved": "https://registry.npmjs.org/big-integer/-/big-integer-1.6.43.tgz",
      "integrity": "sha512-9dULc9jsKmXl0Aeunug8wbF+58n+hQoFjqClN7WeZwGLh0XJUWyJJ9Ee+Ep+Ql/J9fRsTVaeThp8MhiCCrY0Jg=="
    },
    "capnpid": {
      "version": "0.1.4",
      "resolved": "https://registry.npmjs.org/capnpid/-/capnpid-0.1.4.tgz",
      "integrity": "sha512-ueyyPVIqYhsqCxQ5ncPnA0odUzUKH667jimieHtqgbn0G47z/2zu5X7vE+JG3y3pxhaGQVNkbfLXhpXNOPziiQ==",
      "requires": {
        "big-integer": "*"
      }
    }
  }
}
